[0m[1mrandom_string.fm_token: Refreshing state... [id=lTwwD25NNu6zTC9PcUvAr0hl9TpaMvNF][0m
[0m[1mtls_private_key.lab_key: Refreshing state... [id=f66bc36f53c8f99730fcce277c6ddd0d0b904e70][0m
[0m[1mlocal_file.lab_key_pem: Refreshing state... [id=4e8987137e63605819e42b713685ddb33b5dee26][0m
[0m[1mdata.azurerm_client_config.current: Reading...[0m[0m
[0m[1mazurerm_resource_group.rg: Refreshing state... [id=/subscriptions/f1739091-1166-41a4-b3cd-fb2521521588/resourceGroups/connolly-transitory-demo-tf-3po][0m
[0m[1mmodule.networking.azurerm_virtual_network.production_vnet: Refreshing state... [id=/subscriptions/f1739091-1166-41a4-b3cd-fb2521521588/resourceGroups/connolly-transitory-demo-tf-3po/providers/Microsoft.Network/virtualNetworks/production-vnet][0m
[0m[1mdata.azurerm_client_config.current: Read complete after 0s [id=Y2xpZW50Q29uZmlncy9jbGllbnRJZD0wNGIwNzc5NS04ZGRiLTQ2MWEtYmJlZS0wMmY5ZTFiZjdiNDY7b2JqZWN0SWQ9OTZmMWU0MzMtODE0Zi00NjUzLTg2NjAtNjAwMzdmZmZkYzlhO3N1YnNjcmlwdGlvbklkPWYxNzM5MDkxLTExNjYtNDFhNC1iM2NkLWZiMjUyMTUyMTU4ODt0ZW5hbnRJZD0wOTI3YjYxOS1mNmU0LTQ0NjEtYmNkYS0zMzMxOTQyNjgxMTc=][0m
[0m[1mmodule.vseries.azurerm_public_ip.pip: Refreshing state... [id=/subscriptions/f1739091-1166-41a4-b3cd-fb2521521588/resourceGroups/connolly-transitory-demo-tf-3po/providers/Microsoft.Network/publicIPAddresses/pip-vseries][0m
[0m[1mmodule.uctv.azurerm_public_ip.pip: Refreshing state... [id=/subscriptions/f1739091-1166-41a4-b3cd-fb2521521588/resourceGroups/connolly-transitory-demo-tf-3po/providers/Microsoft.Network/publicIPAddresses/pip-uctv][0m
[0m[1mmodule.fm.azurerm_public_ip.pip: Refreshing state... [id=/subscriptions/f1739091-1166-41a4-b3cd-fb2521521588/resourceGroups/connolly-transitory-demo-tf-3po/providers/Microsoft.Network/publicIPAddresses/pip-fm][0m
[0m[1mmodule.tool_vm.azurerm_public_ip.pip: Refreshing state... [id=/subscriptions/f1739091-1166-41a4-b3cd-fb2521521588/resourceGroups/connolly-transitory-demo-tf-3po/providers/Microsoft.Network/publicIPAddresses/pip-tool][0m
[0m[1mmodule.networking.azurerm_virtual_network.visibility_vnet: Refreshing state... [id=/subscriptions/f1739091-1166-41a4-b3cd-fb2521521588/resourceGroups/connolly-transitory-demo-tf-3po/providers/Microsoft.Network/virtualNetworks/visibility-vnet][0m
[0m[1mmodule.networking.azurerm_network_security_group.nsg_visibility: Refreshing state... [id=/subscriptions/f1739091-1166-41a4-b3cd-fb2521521588/resourceGroups/connolly-transitory-demo-tf-3po/providers/Microsoft.Network/networkSecurityGroups/nsg-visibility][0m
[0m[1mmodule.networking.azurerm_subnet.visibility_subnet: Refreshing state... [id=/subscriptions/f1739091-1166-41a4-b3cd-fb2521521588/resourceGroups/connolly-transitory-demo-tf-3po/providers/Microsoft.Network/virtualNetworks/visibility-vnet/subnets/visibility-subnet][0m
[0m[1mmodule.networking.azurerm_subnet.production_subnet: Refreshing state... [id=/subscriptions/f1739091-1166-41a4-b3cd-fb2521521588/resourceGroups/connolly-transitory-demo-tf-3po/providers/Microsoft.Network/virtualNetworks/production-vnet/subnets/production-subnet][0m
[0m[1mmodule.vseries.azurerm_network_interface.nic2[0]: Refreshing state... [id=/subscriptions/f1739091-1166-41a4-b3cd-fb2521521588/resourceGroups/connolly-transitory-demo-tf-3po/providers/Microsoft.Network/networkInterfaces/nic-vseries-data][0m
[0m[1mmodule.networking.azurerm_subnet_network_security_group_association.visibility_nsg_assoc: Refreshing state... [id=/subscriptions/f1739091-1166-41a4-b3cd-fb2521521588/resourceGroups/connolly-transitory-demo-tf-3po/providers/Microsoft.Network/virtualNetworks/visibility-vnet/subnets/visibility-subnet][0m
[0m[1mmodule.uctv.azurerm_network_interface.nic: Refreshing state... [id=/subscriptions/f1739091-1166-41a4-b3cd-fb2521521588/resourceGroups/connolly-transitory-demo-tf-3po/providers/Microsoft.Network/networkInterfaces/nic-uctv][0m
[0m[1mmodule.fm.azurerm_network_interface.nic: Refreshing state... [id=/subscriptions/f1739091-1166-41a4-b3cd-fb2521521588/resourceGroups/connolly-transitory-demo-tf-3po/providers/Microsoft.Network/networkInterfaces/nic-fm][0m
[0m[1mmodule.tool_vm.azurerm_network_interface.nic: Refreshing state... [id=/subscriptions/f1739091-1166-41a4-b3cd-fb2521521588/resourceGroups/connolly-transitory-demo-tf-3po/providers/Microsoft.Network/networkInterfaces/nic-tool][0m
[0m[1mmodule.vseries.azurerm_network_interface.nic: Refreshing state... [id=/subscriptions/f1739091-1166-41a4-b3cd-fb2521521588/resourceGroups/connolly-transitory-demo-tf-3po/providers/Microsoft.Network/networkInterfaces/nic-vseries-mgmt][0m
[0m[1mmodule.fm.azurerm_virtual_machine.vm: Refreshing state... [id=/subscriptions/f1739091-1166-41a4-b3cd-fb2521521588/resourceGroups/connolly-transitory-demo-tf-3po/providers/Microsoft.Compute/virtualMachines/fm-612][0m
[0m[1mmodule.uctv.azurerm_virtual_machine.vm: Refreshing state... [id=/subscriptions/f1739091-1166-41a4-b3cd-fb2521521588/resourceGroups/connolly-transitory-demo-tf-3po/providers/Microsoft.Compute/virtualMachines/uctv-controller][0m
[0m[1mmodule.tool_vm.azurerm_linux_virtual_machine.vm: Refreshing state... [id=/subscriptions/f1739091-1166-41a4-b3cd-fb2521521588/resourceGroups/connolly-transitory-demo-tf-3po/providers/Microsoft.Compute/virtualMachines/tool-vm][0m
[0m[1mmodule.uctv.azurerm_dev_test_global_vm_shutdown_schedule.shutdown: Refreshing state... [id=/subscriptions/f1739091-1166-41a4-b3cd-fb2521521588/resourceGroups/connolly-transitory-demo-tf-3po/providers/Microsoft.DevTestLab/schedules/shutdown-computevm-uctv-controller][0m
[0m[1mmodule.fm.azurerm_dev_test_global_vm_shutdown_schedule.shutdown: Refreshing state... [id=/subscriptions/f1739091-1166-41a4-b3cd-fb2521521588/resourceGroups/connolly-transitory-demo-tf-3po/providers/Microsoft.DevTestLab/schedules/shutdown-computevm-fm-612][0m
[0m[1mmodule.prod1.azurerm_public_ip.pip: Refreshing state... [id=/subscriptions/f1739091-1166-41a4-b3cd-fb2521521588/resourceGroups/connolly-transitory-demo-tf-3po/providers/Microsoft.Network/publicIPAddresses/pip-prod1][0m
[0m[1mmodule.prod2.azurerm_public_ip.pip: Refreshing state... [id=/subscriptions/f1739091-1166-41a4-b3cd-fb2521521588/resourceGroups/connolly-transitory-demo-tf-3po/providers/Microsoft.Network/publicIPAddresses/pip-prod2][0m
[0m[1mmodule.tool_vm.azurerm_dev_test_global_vm_shutdown_schedule.shutdown: Refreshing state... [id=/subscriptions/f1739091-1166-41a4-b3cd-fb2521521588/resourceGroups/connolly-transitory-demo-tf-3po/providers/Microsoft.DevTestLab/schedules/shutdown-computevm-tool-vm][0m
[0m[1mmodule.prod2.azurerm_network_interface.nic: Refreshing state... [id=/subscriptions/f1739091-1166-41a4-b3cd-fb2521521588/resourceGroups/connolly-transitory-demo-tf-3po/providers/Microsoft.Network/networkInterfaces/nic-prod2][0m
[0m[1mmodule.prod1.azurerm_network_interface.nic: Refreshing state... [id=/subscriptions/f1739091-1166-41a4-b3cd-fb2521521588/resourceGroups/connolly-transitory-demo-tf-3po/providers/Microsoft.Network/networkInterfaces/nic-prod1][0m
[0m[1mlocal_file.configure_script: Refreshing state... [id=0b617e0c0aa54c3b620125f849172126d69c82e2][0m
[0m[1mmodule.prod2.azurerm_linux_virtual_machine.vm: Refreshing state... [id=/subscriptions/f1739091-1166-41a4-b3cd-fb2521521588/resourceGroups/connolly-transitory-demo-tf-3po/providers/Microsoft.Compute/virtualMachines/prod-ubuntu-2][0m
[0m[1mmodule.prod1.azurerm_linux_virtual_machine.vm: Refreshing state... [id=/subscriptions/f1739091-1166-41a4-b3cd-fb2521521588/resourceGroups/connolly-transitory-demo-tf-3po/providers/Microsoft.Compute/virtualMachines/prod-ubuntu-1][0m
[0m[1mmodule.prod1.azurerm_dev_test_global_vm_shutdown_schedule.shutdown: Refreshing state... [id=/subscriptions/f1739091-1166-41a4-b3cd-fb2521521588/resourceGroups/connolly-transitory-demo-tf-3po/providers/Microsoft.DevTestLab/schedules/shutdown-computevm-prod-ubuntu-1][0m
[0m[1mmodule.prod2.azurerm_dev_test_global_vm_shutdown_schedule.shutdown: Refreshing state... [id=/subscriptions/f1739091-1166-41a4-b3cd-fb2521521588/resourceGroups/connolly-transitory-demo-tf-3po/providers/Microsoft.DevTestLab/schedules/shutdown-computevm-prod-ubuntu-2][0m

Terraform used the selected providers to generate the following execution
plan. Resource actions are indicated with the following symbols:
  [32m+[0m create[0m
  [33m~[0m update in-place[0m
  [31m-[0m destroy[0m
[31m-[0m/[32m+[0m destroy and then create replacement[0m

Terraform will perform the following actions:

[1m  # azurerm_resource_group.rg[0m will be updated in-place
[0m  [33m~[0m[0m resource "azurerm_resource_group" "rg" {
        id         = "/subscriptions/f1739091-1166-41a4-b3cd-fb2521521588/resourceGroups/connolly-transitory-demo-tf-3po"
        name       = "connolly-transitory-demo-tf-3po"
      [33m~[0m[0m tags       = {
            "Environment" = "demo"
          [33m~[0m[0m "Owner"       = "pete.connolly@gigamon.com" [33m->[0m[0m "gigamon-terraform"
            "Project"     = "connolly-transitory-demo-tf-3po"
          [32m+[0m[0m "owner"       = "pete.connolly@gigamon.com"
        }
        [90m# (2 unchanged attributes hidden)[0m[0m
    }

[1m  # module.networking.azurerm_network_security_group.nsg_visibility[0m will be updated in-place
[0m  [33m~[0m[0m resource "azurerm_network_security_group" "nsg_visibility" {
        id                  = "/subscriptions/f1739091-1166-41a4-b3cd-fb2521521588/resourceGroups/connolly-transitory-demo-tf-3po/providers/Microsoft.Network/networkSecurityGroups/nsg-visibility"
        name                = "nsg-visibility"
      [33m~[0m[0m security_rule       = [
          [31m-[0m[0m {
              [31m-[0m[0m access                                     = "Allow"
              [31m-[0m[0m destination_address_prefix                 = "*"
              [31m-[0m[0m destination_address_prefixes               = []
              [31m-[0m[0m destination_application_security_group_ids = []
              [31m-[0m[0m destination_port_range                     = "*"
              [31m-[0m[0m destination_port_ranges                    = []
              [31m-[0m[0m direction                                  = "Inbound"
              [31m-[0m[0m name                                       = "Allow-ICMP-Inbound"
              [31m-[0m[0m priority                                   = 170
              [31m-[0m[0m protocol                                   = "Icmp"
              [31m-[0m[0m source_address_prefix                      = "*"
              [31m-[0m[0m source_address_prefixes                    = []
              [31m-[0m[0m source_application_security_group_ids      = []
              [31m-[0m[0m source_port_range                          = "*"
              [31m-[0m[0m source_port_ranges                         = []
                [90m# (1 unchanged attribute hidden)[0m[0m
            },
          [31m-[0m[0m {
              [31m-[0m[0m access                                     = "Allow"
              [31m-[0m[0m destination_address_prefix                 = "*"
              [31m-[0m[0m destination_address_prefixes               = []
              [31m-[0m[0m destination_application_security_group_ids = []
              [31m-[0m[0m destination_port_range                     = "*"
              [31m-[0m[0m destination_port_ranges                    = []
              [31m-[0m[0m direction                                  = "Outbound"
              [31m-[0m[0m name                                       = "Allow-ICMP-Outbound"
              [31m-[0m[0m priority                                   = 100
              [31m-[0m[0m protocol                                   = "Icmp"
              [31m-[0m[0m source_address_prefix                      = "*"
              [31m-[0m[0m source_address_prefixes                    = []
              [31m-[0m[0m source_application_security_group_ids      = []
              [31m-[0m[0m source_port_range                          = "*"
              [31m-[0m[0m source_port_ranges                         = []
                [90m# (1 unchanged attribute hidden)[0m[0m
            },
          [31m-[0m[0m {
              [31m-[0m[0m access                                     = "Allow"
              [31m-[0m[0m destination_address_prefix                 = "*"
              [31m-[0m[0m destination_address_prefixes               = []
              [31m-[0m[0m destination_application_security_group_ids = []
              [31m-[0m[0m destination_port_range                     = "*"
              [31m-[0m[0m destination_port_ranges                    = []
              [31m-[0m[0m direction                                  = "Outbound"
              [31m-[0m[0m name                                       = "Allow-TCP-Outbound"
              [31m-[0m[0m priority                                   = 110
              [31m-[0m[0m protocol                                   = "Tcp"
              [31m-[0m[0m source_address_prefix                      = "*"
              [31m-[0m[0m source_address_prefixes                    = []
              [31m-[0m[0m source_application_security_group_ids      = []
              [31m-[0m[0m source_port_range                          = "*"
              [31m-[0m[0m source_port_ranges                         = []
                [90m# (1 unchanged attribute hidden)[0m[0m
            },
          [31m-[0m[0m {
              [31m-[0m[0m access                                     = "Allow"
              [31m-[0m[0m destination_address_prefix                 = "*"
              [31m-[0m[0m destination_address_prefixes               = []
              [31m-[0m[0m destination_application_security_group_ids = []
              [31m-[0m[0m destination_port_range                     = "*"
              [31m-[0m[0m destination_port_ranges                    = []
              [31m-[0m[0m direction                                  = "Outbound"
              [31m-[0m[0m name                                       = "Allow-UDP-Outbound"
              [31m-[0m[0m priority                                   = 120
              [31m-[0m[0m protocol                                   = "Udp"
              [31m-[0m[0m source_address_prefix                      = "*"
              [31m-[0m[0m source_address_prefixes                    = []
              [31m-[0m[0m source_application_security_group_ids      = []
              [31m-[0m[0m source_port_range                          = "*"
              [31m-[0m[0m source_port_ranges                         = []
                [90m# (1 unchanged attribute hidden)[0m[0m
            },
          [31m-[0m[0m {
              [31m-[0m[0m access                                     = "Allow"
              [31m-[0m[0m destination_address_prefix                 = "*"
              [31m-[0m[0m destination_address_prefixes               = []
              [31m-[0m[0m destination_application_security_group_ids = []
              [31m-[0m[0m destination_port_range                     = "11443"
              [31m-[0m[0m destination_port_ranges                    = []
              [31m-[0m[0m direction                                  = "Inbound"
              [31m-[0m[0m name                                       = "Allow-SecureTunnel-11443"
              [31m-[0m[0m priority                                   = 160
              [31m-[0m[0m protocol                                   = "Tcp"
              [31m-[0m[0m source_address_prefix                      = "VirtualNetwork"
              [31m-[0m[0m source_address_prefixes                    = []
              [31m-[0m[0m source_application_security_group_ids      = []
              [31m-[0m[0m source_port_range                          = "*"
              [31m-[0m[0m source_port_ranges                         = []
                [90m# (1 unchanged attribute hidden)[0m[0m
            },
          [31m-[0m[0m {
              [31m-[0m[0m access                                     = "Allow"
              [31m-[0m[0m destination_address_prefix                 = "*"
              [31m-[0m[0m destination_address_prefixes               = []
              [31m-[0m[0m destination_application_security_group_ids = []
              [31m-[0m[0m destination_port_range                     = "22"
              [31m-[0m[0m destination_port_ranges                    = []
              [31m-[0m[0m direction                                  = "Inbound"
              [31m-[0m[0m name                                       = "Allow-SSH"
              [31m-[0m[0m priority                                   = 100
              [31m-[0m[0m protocol                                   = "Tcp"
              [31m-[0m[0m source_address_prefix                      = "*"
              [31m-[0m[0m source_address_prefixes                    = []
              [31m-[0m[0m source_application_security_group_ids      = []
              [31m-[0m[0m source_port_range                          = "*"
              [31m-[0m[0m source_port_ranges                         = []
                [90m# (1 unchanged attribute hidden)[0m[0m
            },
          [31m-[0m[0m {
              [31m-[0m[0m access                                     = "Allow"
              [31m-[0m[0m destination_address_prefix                 = "*"
              [31m-[0m[0m destination_address_prefixes               = []
              [31m-[0m[0m destination_application_security_group_ids = []
              [31m-[0m[0m destination_port_range                     = "3000"
              [31m-[0m[0m destination_port_ranges                    = []
              [31m-[0m[0m direction                                  = "Inbound"
              [31m-[0m[0m name                                       = "Allow-ntopng-3000"
              [31m-[0m[0m priority                                   = 180
              [31m-[0m[0m protocol                                   = "Tcp"
              [31m-[0m[0m source_address_prefix                      = "*"
              [31m-[0m[0m source_address_prefixes                    = []
              [31m-[0m[0m source_application_security_group_ids      = []
              [31m-[0m[0m source_port_range                          = "*"
              [31m-[0m[0m source_port_ranges                         = []
                [90m# (1 unchanged attribute hidden)[0m[0m
            },
          [31m-[0m[0m {
              [31m-[0m[0m access                                     = "Allow"
              [31m-[0m[0m destination_address_prefix                 = "*"
              [31m-[0m[0m destination_address_prefixes               = []
              [31m-[0m[0m destination_application_security_group_ids = []
              [31m-[0m[0m destination_port_range                     = "443"
              [31m-[0m[0m destination_port_ranges                    = []
              [31m-[0m[0m direction                                  = "Inbound"
              [31m-[0m[0m name                                       = "Allow-HTTPS"
              [31m-[0m[0m priority                                   = 110
              [31m-[0m[0m protocol                                   = "Tcp"
              [31m-[0m[0m source_address_prefix                      = "*"
              [31m-[0m[0m source_address_prefixes                    = []
              [31m-[0m[0m source_application_security_group_ids      = []
              [31m-[0m[0m source_port_range                          = "*"
              [31m-[0m[0m source_port_ranges                         = []
                [90m# (1 unchanged attribute hidden)[0m[0m
            },
          [31m-[0m[0m {
              [31m-[0m[0m access                                     = "Allow"
              [31m-[0m[0m destination_address_prefix                 = "*"
              [31m-[0m[0m destination_address_prefixes               = []
              [31m-[0m[0m destination_application_security_group_ids = []
              [31m-[0m[0m destination_port_range                     = "4789"
              [31m-[0m[0m destination_port_ranges                    = []
              [31m-[0m[0m direction                                  = "Inbound"
              [31m-[0m[0m name                                       = "Allow-VXLAN-4789"
              [31m-[0m[0m priority                                   = 150
              [31m-[0m[0m protocol                                   = "Udp"
              [31m-[0m[0m source_address_prefix                      = "VirtualNetwork"
              [31m-[0m[0m source_address_prefixes                    = []
              [31m-[0m[0m source_application_security_group_ids      = []
              [31m-[0m[0m source_port_range                          = "*"
              [31m-[0m[0m source_port_ranges                         = []
                [90m# (1 unchanged attribute hidden)[0m[0m
            },
          [31m-[0m[0m {
              [31m-[0m[0m access                                     = "Allow"
              [31m-[0m[0m destination_address_prefix                 = "*"
              [31m-[0m[0m destination_address_prefixes               = []
              [31m-[0m[0m destination_application_security_group_ids = []
              [31m-[0m[0m destination_port_range                     = "5671"
              [31m-[0m[0m destination_port_ranges                    = []
              [31m-[0m[0m direction                                  = "Inbound"
              [31m-[0m[0m name                                       = "Allow-FM-Stats-5671"
              [31m-[0m[0m priority                                   = 130
              [31m-[0m[0m protocol                                   = "Tcp"
              [31m-[0m[0m source_address_prefix                      = "VirtualNetwork"
              [31m-[0m[0m source_address_prefixes                    = []
              [31m-[0m[0m source_application_security_group_ids      = []
              [31m-[0m[0m source_port_range                          = "*"
              [31m-[0m[0m source_port_ranges                         = []
                [90m# (1 unchanged attribute hidden)[0m[0m
            },
          [31m-[0m[0m {
              [31m-[0m[0m access                                     = "Allow"
              [31m-[0m[0m destination_address_prefix                 = "*"
              [31m-[0m[0m destination_address_prefixes               = []
              [31m-[0m[0m destination_application_security_group_ids = []
              [31m-[0m[0m destination_port_range                     = "80"
              [31m-[0m[0m destination_port_ranges                    = []
              [31m-[0m[0m direction                                  = "Inbound"
              [31m-[0m[0m name                                       = "Allow-HTTP"
              [31m-[0m[0m priority                                   = 120
              [31m-[0m[0m protocol                                   = "Tcp"
              [31m-[0m[0m source_address_prefix                      = "*"
              [31m-[0m[0m source_address_prefixes                    = []
              [31m-[0m[0m source_application_security_group_ids      = []
              [31m-[0m[0m source_port_range                          = "*"
              [31m-[0m[0m source_port_ranges                         = []
                [90m# (1 unchanged attribute hidden)[0m[0m
            },
          [31m-[0m[0m {
              [31m-[0m[0m access                                     = "Allow"
              [31m-[0m[0m destination_address_prefix                 = "*"
              [31m-[0m[0m destination_address_prefixes               = []
              [31m-[0m[0m destination_application_security_group_ids = []
              [31m-[0m[0m destination_port_range                     = "8889"
              [31m-[0m[0m destination_port_ranges                    = []
              [31m-[0m[0m direction                                  = "Inbound"
              [31m-[0m[0m name                                       = "Allow-vSeries-FM-8889"
              [31m-[0m[0m priority                                   = 146
              [31m-[0m[0m protocol                                   = "Tcp"
              [31m-[0m[0m source_address_prefix                      = "*"
              [31m-[0m[0m source_address_prefixes                    = []
              [31m-[0m[0m source_application_security_group_ids      = []
              [31m-[0m[0m source_port_range                          = "*"
              [31m-[0m[0m source_port_ranges                         = []
                [90m# (1 unchanged attribute hidden)[0m[0m
            },
          [31m-[0m[0m {
              [31m-[0m[0m access                                     = "Allow"
              [31m-[0m[0m destination_address_prefix                 = "*"
              [31m-[0m[0m destination_address_prefixes               = []
              [31m-[0m[0m destination_application_security_group_ids = []
              [31m-[0m[0m destination_port_range                     = "8892"
              [31m-[0m[0m destination_port_ranges                    = []
              [31m-[0m[0m direction                                  = "Inbound"
              [31m-[0m[0m name                                       = "Allow-UCTV-Agent-Registration-8892"
              [31m-[0m[0m priority                                   = 145
              [31m-[0m[0m protocol                                   = "Tcp"
              [31m-[0m[0m source_address_prefix                      = "*"
              [31m-[0m[0m source_address_prefixes                    = []
              [31m-[0m[0m source_application_security_group_ids      = []
              [31m-[0m[0m source_port_range                          = "*"
              [31m-[0m[0m source_port_ranges                         = []
                [90m# (1 unchanged attribute hidden)[0m[0m
            },
          [31m-[0m[0m {
              [31m-[0m[0m access                                     = "Allow"
              [31m-[0m[0m destination_address_prefix                 = "*"
              [31m-[0m[0m destination_address_prefixes               = []
              [31m-[0m[0m destination_application_security_group_ids = []
              [31m-[0m[0m destination_port_range                     = "9900"
              [31m-[0m[0m destination_port_ranges                    = []
              [31m-[0m[0m direction                                  = "Inbound"
              [31m-[0m[0m name                                       = "Allow-UCTV-Ctrl-9900"
              [31m-[0m[0m priority                                   = 140
              [31m-[0m[0m protocol                                   = "Tcp"
              [31m-[0m[0m source_address_prefix                      = "VirtualNetwork"
              [31m-[0m[0m source_address_prefixes                    = []
              [31m-[0m[0m source_application_security_group_ids      = []
              [31m-[0m[0m source_port_range                          = "*"
              [31m-[0m[0m source_port_ranges                         = []
                [90m# (1 unchanged attribute hidden)[0m[0m
            },
          [32m+[0m[0m {
              [32m+[0m[0m access                                     = "Allow"
              [32m+[0m[0m destination_address_prefix                 = "*"
              [32m+[0m[0m destination_address_prefixes               = []
              [32m+[0m[0m destination_application_security_group_ids = []
              [32m+[0m[0m destination_port_range                     = "9902"
              [32m+[0m[0m destination_port_ranges                    = []
              [32m+[0m[0m direction                                  = "Inbound"
              [32m+[0m[0m name                                       = "Allow-UCTV-Agent-9902"
              [32m+[0m[0m priority                                   = 190
              [32m+[0m[0m protocol                                   = "Tcp"
              [32m+[0m[0m source_address_prefix                      = "VirtualNetwork"
              [32m+[0m[0m source_address_prefixes                    = []
              [32m+[0m[0m source_application_security_group_ids      = []
              [32m+[0m[0m source_port_range                          = "*"
              [32m+[0m[0m source_port_ranges                         = []
                [90m# (1 unchanged attribute hidden)[0m[0m
            },
          [32m+[0m[0m {
              [32m+[0m[0m access                                     = "Allow"
              [32m+[0m[0m destination_address_prefix                 = "*"
              [32m+[0m[0m destination_address_prefixes               = []
              [32m+[0m[0m destination_application_security_group_ids = []
              [32m+[0m[0m destination_port_range                     = "*"
              [32m+[0m[0m destination_port_ranges                    = []
              [32m+[0m[0m direction                                  = "Inbound"
              [32m+[0m[0m name                                       = "Allow-ICMP-Inbound"
              [32m+[0m[0m priority                                   = 170
              [32m+[0m[0m protocol                                   = "Icmp"
              [32m+[0m[0m source_address_prefix                      = "*"
              [32m+[0m[0m source_address_prefixes                    = []
              [32m+[0m[0m source_application_security_group_ids      = []
              [32m+[0m[0m source_port_range                          = "*"
              [32m+[0m[0m source_port_ranges                         = []
            },
          [32m+[0m[0m {
              [32m+[0m[0m access                                     = "Allow"
              [32m+[0m[0m destination_address_prefix                 = "*"
              [32m+[0m[0m destination_address_prefixes               = []
              [32m+[0m[0m destination_application_security_group_ids = []
              [32m+[0m[0m destination_port_range                     = "*"
              [32m+[0m[0m destination_port_ranges                    = []
              [32m+[0m[0m direction                                  = "Outbound"
              [32m+[0m[0m name                                       = "Allow-ICMP-Outbound"
              [32m+[0m[0m priority                                   = 100
              [32m+[0m[0m protocol                                   = "Icmp"
              [32m+[0m[0m source_address_prefix                      = "*"
              [32m+[0m[0m source_address_prefixes                    = []
              [32m+[0m[0m source_application_security_group_ids      = []
              [32m+[0m[0m source_port_range                          = "*"
              [32m+[0m[0m source_port_ranges                         = []
            },
          [32m+[0m[0m {
              [32m+[0m[0m access                                     = "Allow"
              [32m+[0m[0m destination_address_prefix                 = "*"
              [32m+[0m[0m destination_address_prefixes               = []
              [32m+[0m[0m destination_application_security_group_ids = []
              [32m+[0m[0m destination_port_range                     = "11443"
              [32m+[0m[0m destination_port_ranges                    = []
              [32m+[0m[0m direction                                  = "Inbound"
              [32m+[0m[0m name                                       = "Allow-SecureTunnel-11443"
              [32m+[0m[0m priority                                   = 160
              [32m+[0m[0m protocol                                   = "Tcp"
              [32m+[0m[0m source_address_prefix                      = "VirtualNetwork"
              [32m+[0m[0m source_address_prefixes                    = []
              [32m+[0m[0m source_application_security_group_ids      = []
              [32m+[0m[0m source_port_range                          = "*"
              [32m+[0m[0m source_port_ranges                         = []
            },
          [32m+[0m[0m {
              [32m+[0m[0m access                                     = "Allow"
              [32m+[0m[0m destination_address_prefix                 = "*"
              [32m+[0m[0m destination_address_prefixes               = []
              [32m+[0m[0m destination_application_security_group_ids = []
              [32m+[0m[0m destination_port_range                     = "22"
              [32m+[0m[0m destination_port_ranges                    = []
              [32m+[0m[0m direction                                  = "Inbound"
              [32m+[0m[0m name                                       = "Allow-SSH"
              [32m+[0m[0m priority                                   = 100
              [32m+[0m[0m protocol                                   = "Tcp"
              [32m+[0m[0m source_address_prefix                      = "*"
              [32m+[0m[0m source_address_prefixes                    = []
              [32m+[0m[0m source_application_security_group_ids      = []
              [32m+[0m[0m source_port_range                          = "*"
              [32m+[0m[0m source_port_ranges                         = []
            },
          [32m+[0m[0m {
              [32m+[0m[0m access                                     = "Allow"
              [32m+[0m[0m destination_address_prefix                 = "*"
              [32m+[0m[0m destination_address_prefixes               = []
              [32m+[0m[0m destination_application_security_group_ids = []
              [32m+[0m[0m destination_port_range                     = "3000"
              [32m+[0m[0m destination_port_ranges                    = []
              [32m+[0m[0m direction                                  = "Inbound"
              [32m+[0m[0m name                                       = "Allow-ntopng-3000"
              [32m+[0m[0m priority                                   = 180
              [32m+[0m[0m protocol                                   = "Tcp"
              [32m+[0m[0m source_address_prefix                      = "*"
              [32m+[0m[0m source_address_prefixes                    = []
              [32m+[0m[0m source_application_security_group_ids      = []
              [32m+[0m[0m source_port_range                          = "*"
              [32m+[0m[0m source_port_ranges                         = []
            },
          [32m+[0m[0m {
              [32m+[0m[0m access                                     = "Allow"
              [32m+[0m[0m destination_address_prefix                 = "*"
              [32m+[0m[0m destination_address_prefixes               = []
              [32m+[0m[0m destination_application_security_group_ids = []
              [32m+[0m[0m destination_port_range                     = "443"
              [32m+[0m[0m destination_port_ranges                    = []
              [32m+[0m[0m direction                                  = "Inbound"
              [32m+[0m[0m name                                       = "Allow-HTTPS"
              [32m+[0m[0m priority                                   = 110
              [32m+[0m[0m protocol                                   = "Tcp"
              [32m+[0m[0m source_address_prefix                      = "*"
              [32m+[0m[0m source_address_prefixes                    = []
              [32m+[0m[0m source_application_security_group_ids      = []
              [32m+[0m[0m source_port_range                          = "*"
              [32m+[0m[0m source_port_ranges                         = []
            },
          [32m+[0m[0m {
              [32m+[0m[0m access                                     = "Allow"
              [32m+[0m[0m destination_address_prefix                 = "*"
              [32m+[0m[0m destination_address_prefixes               = []
              [32m+[0m[0m destination_application_security_group_ids = []
              [32m+[0m[0m destination_port_range                     = "4789"
              [32m+[0m[0m destination_port_ranges                    = []
              [32m+[0m[0m direction                                  = "Inbound"
              [32m+[0m[0m name                                       = "Allow-VXLAN-4789"
              [32m+[0m[0m priority                                   = 150
              [32m+[0m[0m protocol                                   = "Udp"
              [32m+[0m[0m source_address_prefix                      = "VirtualNetwork"
              [32m+[0m[0m source_address_prefixes                    = []
              [32m+[0m[0m source_application_security_group_ids      = []
              [32m+[0m[0m source_port_range                          = "*"
              [32m+[0m[0m source_port_ranges                         = []
            },
          [32m+[0m[0m {
              [32m+[0m[0m access                                     = "Allow"
              [32m+[0m[0m destination_address_prefix                 = "*"
              [32m+[0m[0m destination_address_prefixes               = []
              [32m+[0m[0m destination_application_security_group_ids = []
              [32m+[0m[0m destination_port_range                     = "5671"
              [32m+[0m[0m destination_port_ranges                    = []
              [32m+[0m[0m direction                                  = "Inbound"
              [32m+[0m[0m name                                       = "Allow-FM-Stats-5671"
              [32m+[0m[0m priority                                   = 130
              [32m+[0m[0m protocol                                   = "Tcp"
              [32m+[0m[0m source_address_prefix                      = "VirtualNetwork"
              [32m+[0m[0m source_address_prefixes                    = []
              [32m+[0m[0m source_application_security_group_ids      = []
              [32m+[0m[0m source_port_range                          = "*"
              [32m+[0m[0m source_port_ranges                         = []
            },
          [32m+[0m[0m {
              [32m+[0m[0m access                                     = "Allow"
              [32m+[0m[0m destination_address_prefix                 = "*"
              [32m+[0m[0m destination_address_prefixes               = []
              [32m+[0m[0m destination_application_security_group_ids = []
              [32m+[0m[0m destination_port_range                     = "80"
              [32m+[0m[0m destination_port_ranges                    = []
              [32m+[0m[0m direction                                  = "Inbound"
              [32m+[0m[0m name                                       = "Allow-HTTP"
              [32m+[0m[0m priority                                   = 120
              [32m+[0m[0m protocol                                   = "Tcp"
              [32m+[0m[0m source_address_prefix                      = "*"
              [32m+[0m[0m source_address_prefixes                    = []
              [32m+[0m[0m source_application_security_group_ids      = []
              [32m+[0m[0m source_port_range                          = "*"
              [32m+[0m[0m source_port_ranges                         = []
            },
          [32m+[0m[0m {
              [32m+[0m[0m access                                     = "Allow"
              [32m+[0m[0m destination_address_prefix                 = "*"
              [32m+[0m[0m destination_address_prefixes               = []
              [32m+[0m[0m destination_application_security_group_ids = []
              [32m+[0m[0m destination_port_range                     = "8889"
              [32m+[0m[0m destination_port_ranges                    = []
              [32m+[0m[0m direction                                  = "Inbound"
              [32m+[0m[0m name                                       = "Allow-vSeries-FM-8889"
              [32m+[0m[0m priority                                   = 146
              [32m+[0m[0m protocol                                   = "Tcp"
              [32m+[0m[0m source_address_prefix                      = "*"
              [32m+[0m[0m source_address_prefixes                    = []
              [32m+[0m[0m source_application_security_group_ids      = []
              [32m+[0m[0m source_port_range                          = "*"
              [32m+[0m[0m source_port_ranges                         = []
            },
          [32m+[0m[0m {
              [32m+[0m[0m access                                     = "Allow"
              [32m+[0m[0m destination_address_prefix                 = "*"
              [32m+[0m[0m destination_address_prefixes               = []
              [32m+[0m[0m destination_application_security_group_ids = []
              [32m+[0m[0m destination_port_range                     = "8892"
              [32m+[0m[0m destination_port_ranges                    = []
              [32m+[0m[0m direction                                  = "Inbound"
              [32m+[0m[0m name                                       = "Allow-UCTV-Agent-Registration-8892"
              [32m+[0m[0m priority                                   = 145
              [32m+[0m[0m protocol                                   = "Tcp"
              [32m+[0m[0m source_address_prefix                      = "*"
              [32m+[0m[0m source_address_prefixes                    = []
              [32m+[0m[0m source_application_security_group_ids      = []
              [32m+[0m[0m source_port_range                          = "*"
              [32m+[0m[0m source_port_ranges                         = []
            },
          [32m+[0m[0m {
              [32m+[0m[0m access                                     = "Allow"
              [32m+[0m[0m destination_address_prefix                 = "*"
              [32m+[0m[0m destination_address_prefixes               = []
              [32m+[0m[0m destination_application_security_group_ids = []
              [32m+[0m[0m destination_port_range                     = "9900"
              [32m+[0m[0m destination_port_ranges                    = []
              [32m+[0m[0m direction                                  = "Inbound"
              [32m+[0m[0m name                                       = "Allow-UCTV-Ctrl-9900"
              [32m+[0m[0m priority                                   = 140
              [32m+[0m[0m protocol                                   = "Tcp"
              [32m+[0m[0m source_address_prefix                      = "VirtualNetwork"
              [32m+[0m[0m source_address_prefixes                    = []
              [32m+[0m[0m source_application_security_group_ids      = []
              [32m+[0m[0m source_port_range                          = "*"
              [32m+[0m[0m source_port_ranges                         = []
            },
        ]
        tags                = {}
        [90m# (2 unchanged attributes hidden)[0m[0m
    }

[1m  # module.networking.azurerm_subnet.production_subnet[0m must be [1m[31mreplaced[0m
[0m[31m-[0m/[32m+[0m[0m resource "azurerm_subnet" "production_subnet" {
      [33m~[0m[0m address_prefixes                               = [
          [33m~[0m[0m "10.10.1.0/24" [33m->[0m[0m "10.0.2.0/24",
        ]
      [33m~[0m[0m enforce_private_link_endpoint_network_policies = false -> (known after apply)
      [33m~[0m[0m enforce_private_link_service_network_policies  = false -> (known after apply)
      [33m~[0m[0m id                                             = "/subscriptions/f1739091-1166-41a4-b3cd-fb2521521588/resourceGroups/connolly-transitory-demo-tf-3po/providers/Microsoft.Network/virtualNetworks/production-vnet/subnets/production-subnet" -> (known after apply)
        name                                           = "production-subnet"
      [33m~[0m[0m private_endpoint_network_policies              = "Enabled" -> (known after apply)
      [33m~[0m[0m private_endpoint_network_policies_enabled      = true -> (known after apply)
      [33m~[0m[0m private_link_service_network_policies_enabled  = true -> (known after apply)
      [31m-[0m[0m service_endpoint_policy_ids                    = [] [90m-> null[0m[0m
      [31m-[0m[0m service_endpoints                              = [] [90m-> null[0m[0m
      [33m~[0m[0m virtual_network_name                           = "production-vnet" [33m->[0m[0m "visibility-vnet" [31m# forces replacement[0m[0m
        [90m# (2 unchanged attributes hidden)[0m[0m
    }

[1m  # module.networking.azurerm_subnet_network_security_group_association.production_nsg_assoc[0m will be created
[0m  [32m+[0m[0m resource "azurerm_subnet_network_security_group_association" "production_nsg_assoc" {
      [32m+[0m[0m id                        = (known after apply)
      [32m+[0m[0m network_security_group_id = "/subscriptions/f1739091-1166-41a4-b3cd-fb2521521588/resourceGroups/connolly-transitory-demo-tf-3po/providers/Microsoft.Network/networkSecurityGroups/nsg-visibility"
      [32m+[0m[0m subnet_id                 = (known after apply)
    }

[1m  # module.networking.azurerm_virtual_network.production_vnet[0m will be [1m[31mdestroyed[0m
  # (because azurerm_virtual_network.production_vnet is not in configuration)
[0m  [31m-[0m[0m resource "azurerm_virtual_network" "production_vnet" {
      [31m-[0m[0m address_space           = [
          [31m-[0m[0m "10.10.0.0/16",
        ] [90m-> null[0m[0m
      [31m-[0m[0m dns_servers             = [] [90m-> null[0m[0m
      [31m-[0m[0m flow_timeout_in_minutes = 0 [90m-> null[0m[0m
      [31m-[0m[0m guid                    = "02ece8e1-eacc-4d19-b596-d98d5c91d476" [90m-> null[0m[0m
      [31m-[0m[0m id                      = "/subscriptions/f1739091-1166-41a4-b3cd-fb2521521588/resourceGroups/connolly-transitory-demo-tf-3po/providers/Microsoft.Network/virtualNetworks/production-vnet" [90m-> null[0m[0m
      [31m-[0m[0m location                = "uksouth" [90m-> null[0m[0m
      [31m-[0m[0m name                    = "production-vnet" [90m-> null[0m[0m
      [31m-[0m[0m resource_group_name     = "connolly-transitory-demo-tf-3po" [90m-> null[0m[0m
      [31m-[0m[0m subnet                  = [
          [31m-[0m[0m {
              [31m-[0m[0m address_prefix = "10.10.1.0/24"
              [31m-[0m[0m id             = "/subscriptions/f1739091-1166-41a4-b3cd-fb2521521588/resourceGroups/connolly-transitory-demo-tf-3po/providers/Microsoft.Network/virtualNetworks/production-vnet/subnets/production-subnet"
              [31m-[0m[0m name           = "production-subnet"
                [90m# (1 unchanged attribute hidden)[0m[0m
            },
        ] [90m-> null[0m[0m
      [31m-[0m[0m tags                    = {
          [31m-[0m[0m "Project" = "connolly-transitory-demo-tf-3po"
          [31m-[0m[0m "Role"    = "production"
          [31m-[0m[0m "owner"   = "pete.connolly@gigamon.com"
        } [90m-> null[0m[0m
        [90m# (2 unchanged attributes hidden)[0m[0m
    }

[1m  # module.prod1.azurerm_network_interface.nic[0m will be updated in-place
[0m  [33m~[0m[0m resource "azurerm_network_interface" "nic" {
        id                             = "/subscriptions/f1739091-1166-41a4-b3cd-fb2521521588/resourceGroups/connolly-transitory-demo-tf-3po/providers/Microsoft.Network/networkInterfaces/nic-prod1"
        name                           = "nic-prod1"
        tags                           = {}
        [90m# (17 unchanged attributes hidden)[0m[0m

      [33m~[0m[0m ip_configuration {
            name                                               = "ipconfig-prod1"
          [33m~[0m[0m subnet_id                                          = "/subscriptions/f1739091-1166-41a4-b3cd-fb2521521588/resourceGroups/connolly-transitory-demo-tf-3po/providers/Microsoft.Network/virtualNetworks/production-vnet/subnets/production-subnet" -> (known after apply)
            [90m# (6 unchanged attributes hidden)[0m[0m
        }
    }

[1m  # module.prod2.azurerm_network_interface.nic[0m will be updated in-place
[0m  [33m~[0m[0m resource "azurerm_network_interface" "nic" {
        id                             = "/subscriptions/f1739091-1166-41a4-b3cd-fb2521521588/resourceGroups/connolly-transitory-demo-tf-3po/providers/Microsoft.Network/networkInterfaces/nic-prod2"
        name                           = "nic-prod2"
        tags                           = {}
        [90m# (17 unchanged attributes hidden)[0m[0m

      [33m~[0m[0m ip_configuration {
            name                                               = "ipconfig-prod2"
          [33m~[0m[0m subnet_id                                          = "/subscriptions/f1739091-1166-41a4-b3cd-fb2521521588/resourceGroups/connolly-transitory-demo-tf-3po/providers/Microsoft.Network/virtualNetworks/production-vnet/subnets/production-subnet" -> (known after apply)
            [90m# (6 unchanged attributes hidden)[0m[0m
        }
    }

[1m  # module.vseries.azurerm_dev_test_global_vm_shutdown_schedule.shutdown[0m will be created
[0m  [32m+[0m[0m resource "azurerm_dev_test_global_vm_shutdown_schedule" "shutdown" {
      [32m+[0m[0m daily_recurrence_time = "1900"
      [32m+[0m[0m enabled               = true
      [32m+[0m[0m id                    = (known after apply)
      [32m+[0m[0m location              = "uksouth"
      [32m+[0m[0m timezone              = "GMT Standard Time"
      [32m+[0m[0m virtual_machine_id    = (known after apply)

      [32m+[0m[0m notification_settings {
          [32m+[0m[0m enabled         = false
          [32m+[0m[0m time_in_minutes = 30
        }
    }

[1m  # module.vseries.azurerm_network_interface.nic2[0][0m will be updated in-place
[0m  [33m~[0m[0m resource "azurerm_network_interface" "nic2" {
        id                             = "/subscriptions/f1739091-1166-41a4-b3cd-fb2521521588/resourceGroups/connolly-transitory-demo-tf-3po/providers/Microsoft.Network/networkInterfaces/nic-vseries-data"
        name                           = "nic-vseries-data"
        tags                           = {}
        [90m# (17 unchanged attributes hidden)[0m[0m

      [33m~[0m[0m ip_configuration {
            name                                               = "ipconfig-secondary"
          [33m~[0m[0m subnet_id                                          = "/subscriptions/f1739091-1166-41a4-b3cd-fb2521521588/resourceGroups/connolly-transitory-demo-tf-3po/providers/Microsoft.Network/virtualNetworks/production-vnet/subnets/production-subnet" -> (known after apply)
            [90m# (6 unchanged attributes hidden)[0m[0m
        }
    }

[1m  # module.vseries.azurerm_virtual_machine.vm[0m will be created
[0m  [32m+[0m[0m resource "azurerm_virtual_machine" "vm" {
      [32m+[0m[0m availability_set_id              = (known after apply)
      [32m+[0m[0m delete_data_disks_on_termination = true
      [32m+[0m[0m delete_os_disk_on_termination    = true
      [32m+[0m[0m id                               = (known after apply)
      [32m+[0m[0m license_type                     = (known after apply)
      [32m+[0m[0m location                         = "uksouth"
      [32m+[0m[0m name                             = "vseries-node"
      [32m+[0m[0m network_interface_ids            = [
          [32m+[0m[0m "/subscriptions/f1739091-1166-41a4-b3cd-fb2521521588/resourceGroups/connolly-transitory-demo-tf-3po/providers/Microsoft.Network/networkInterfaces/nic-vseries-mgmt",
          [32m+[0m[0m "/subscriptions/f1739091-1166-41a4-b3cd-fb2521521588/resourceGroups/connolly-transitory-demo-tf-3po/providers/Microsoft.Network/networkInterfaces/nic-vseries-data",
        ]
      [32m+[0m[0m primary_network_interface_id     = "/subscriptions/f1739091-1166-41a4-b3cd-fb2521521588/resourceGroups/connolly-transitory-demo-tf-3po/providers/Microsoft.Network/networkInterfaces/nic-vseries-mgmt"
      [32m+[0m[0m resource_group_name              = "connolly-transitory-demo-tf-3po"
      [32m+[0m[0m tags                             = {
          [32m+[0m[0m "Project" = "connolly-transitory-demo-tf-3po"
          [32m+[0m[0m "Role"    = "vseries"
          [32m+[0m[0m "owner"   = "pete.connolly@gigamon.com"
        }
      [32m+[0m[0m vm_size                          = "Standard_D4s_v5"

      [32m+[0m[0m os_profile {
          # At least one attribute in this block is (or was) sensitive,
          # so its contents will not be displayed.
        }

      [32m+[0m[0m os_profile_linux_config {
          [32m+[0m[0m disable_password_authentication = true

          [32m+[0m[0m ssh_keys {
              [32m+[0m[0m key_data = <<-EOT
                    ssh-rsa AAAAB3NzaC1yc2EAAAADAQABAAACAQDaxex8WFEMRzeDJA8FoLdJI5hinyga7FHoO5ybdnPFYRePLFexVKPL9Eiap7SmnB5A9pHemI63p9V9R7PxK9BWH6734WUP9UoDQU2pXLcnOqc5KCBW4s5CKEdcfHsxODYc+1p9Edl8dBv2LD5bBcm84AEJ5b++6KWFdZW/K4nY7qwBox5GcrREVT7TkakYU6Cl0qGqvSVjJbjDqNZDBdxGWUej2ngC+M0jcSVTdCzjlQf9vj7vNyv5SDjnqKp7txzRFnhgCp3lsWk7F+g+t22jWBZG7gIpsExpiEg22p5tvbZI6meSo0yKf5I6m2C9f8jiwMR0pzYXbmXCHQMFuIsU7P8tKlX8GpuOhjKecsx7KWLFQstC1+Kldtm4CNz5h5C+WsKDGYpPFmL+edXrpbtD0qhTfEgY9dq87vhoTI8ROj7fT13keC2bS1IRly3/LW9oWfPvnEDjXMPT565eVjkoDfIvdEbBTZFwsxUjHsaxPvXayB6P6L1VWURVB2nFadKOsf8A2iQEi/MYr7UXPHCZ4x/MnaavcJWj1UvyHWeCTkOaNTqehOFE68A7oKywNjgqjnPksGYvoSjPEGdc0H1Cjacqj0J/dBGB8hEO3ee9poIyS5nx0uQSBMOUa+6EcqubGJPtlEy9YpnspXT8IWKBF6Y/KRE3opV0FsgobfuWkQ==
                EOT
              [32m+[0m[0m path     = "/home/peter/.ssh/authorized_keys"
            }
        }

      [32m+[0m[0m plan {
          [32m+[0m[0m name      = "vseries-node-v61200"
          [32m+[0m[0m product   = "gigamon-gigavue-cloud-suite-v2"
          [32m+[0m[0m publisher = "gigamon-inc"
        }

      [32m+[0m[0m storage_data_disk (known after apply)

      [32m+[0m[0m storage_image_reference {
            id        = [90mnull[0m[0m
          [32m+[0m[0m offer     = "gigamon-gigavue-cloud-suite-v2"
          [32m+[0m[0m publisher = "gigamon-inc"
          [32m+[0m[0m sku       = "vseries-node-v61200"
          [32m+[0m[0m version   = "6.12.00"
        }

      [32m+[0m[0m storage_os_disk {
          [32m+[0m[0m caching                   = "ReadWrite"
          [32m+[0m[0m create_option             = "FromImage"
          [32m+[0m[0m disk_size_gb              = (known after apply)
          [32m+[0m[0m managed_disk_id           = (known after apply)
          [32m+[0m[0m managed_disk_type         = "Premium_LRS"
          [32m+[0m[0m name                      = "osdisk-vseries"
          [32m+[0m[0m os_type                   = (known after apply)
          [32m+[0m[0m write_accelerator_enabled = false
        }
    }

[1mPlan:[0m [0m4 to add, 5 to change, 2 to destroy.
[90m
ΓöÇΓöÇΓöÇΓöÇΓöÇΓöÇΓöÇΓöÇΓöÇΓöÇΓöÇΓöÇΓöÇΓöÇΓöÇΓöÇΓöÇΓöÇΓöÇΓöÇΓöÇΓöÇΓöÇΓöÇΓöÇΓöÇΓöÇΓöÇΓöÇΓöÇΓöÇΓöÇΓöÇΓöÇΓöÇΓöÇΓöÇΓöÇΓöÇΓöÇΓöÇΓöÇΓöÇΓöÇΓöÇΓöÇΓöÇΓöÇΓöÇΓöÇΓöÇΓöÇΓöÇΓöÇΓöÇΓöÇΓöÇΓöÇΓöÇΓöÇΓöÇΓöÇΓöÇΓöÇΓöÇΓöÇΓöÇΓöÇΓöÇΓöÇΓöÇΓöÇΓöÇΓöÇΓöÇΓöÇΓöÇ[0m

Note: You didn't use the -out option to save this plan, so Terraform can't
guarantee to take exactly these actions if you run "terraform apply" now.
